
Microsoft Visual Studio Solution File, Format Version 12.00
# Visual Studio Version 16
VisualStudioVersion = 16.0.30011.22
MinimumVisualStudioVersion = 10.0.40219.1
Project("{FAE04EC0-301F-11D3-BF4B-00C04F79EFBC}") = "Primeiro", "Primeiro\Primeiro.csproj", "{D8B1A36D-F6CB-4231-B7EB-3FB2E304A485}"
EndProject
Global
	GlobalSection(SolutionConfigurationPlatforms) = preSolution
		Debug|Any CPU = Debug|Any CPU
		Release|Any CPU = Release|Any CPU
	EndGlobalSection
	GlobalSection(ProjectConfigurationPlatforms) = postSolution
		{D8B1A36D-F6CB-4231-B7EB-3FB2E304A485}.Debug|Any CPU.ActiveCfg = Debug|Any CPU
		{D8B1A36D-F6CB-4231-B7EB-3FB2E304A485}.Debug|Any CPU.Build.0 = Debug|Any CPU
		{D8B1A36D-F6CB-4231-B7EB-3FB2E304A485}.Release|Any CPU.ActiveCfg = Release|Any CPU
		{D8B1A36D-F6CB-4231-B7EB-3FB2E304A485}.Release|Any CPU.Build.0 = Release|Any CPU
	EndGlobalSection
	GlobalSection(SolutionProperties) = preSolution
		HideSolutionNode = FALSE
	EndGlobalSection
	GlobalSection(ExtensibilityGlobals) = postSolution
		SolutionGuid = {D373DC3D-1CFF-40CA-B20A-F2FF9DCBF928}
	EndGlobalSection
EndGlobal
